
Microsoft Visual Studio Solution File, Format Version 12.00
# Visual Studio Version 17
VisualStudioVersion = 17.5.33424.131
MinimumVisualStudioVersion = 10.0.40219.1
Project("{2150E333-8FDC-42A3-9474-1A3956D46DE8}") = "src", "src", "{ABB44436-6C3E-4CE6-9AAA-074A06DE795B}"
EndProject
Project("{9A19103F-16F7-4668-BE54-9A1E7A4F7556}") = "Domain", "Domain\Domain.csproj", "{03F8A526-7CEB-4145-81FF-E323D48D9FC4}"
EndProject
Project("{9A19103F-16F7-4668-BE54-9A1E7A4F7556}") = "Application", "Application\Application.csproj", "{BC4ADF36-9C73-4754-95C7-3F7D2CF856BB}"
EndProject
Project("{9A19103F-16F7-4668-BE54-9A1E7A4F7556}") = "Data", "Data\Data.csproj", "{C8CEF931-8018-4639-BFA9-52B5DDFE73DE}"
EndProject
Project("{2150E333-8FDC-42A3-9474-1A3956D46DE8}") = "API", "API", "{F78CDCF6-B7E2-4283-838D-48A0C172E886}"
EndProject
Project("{2150E333-8FDC-42A3-9474-1A3956D46DE8}") = "Core", "Core", "{37289EE4-3272-4922-A8D1-B327429BE636}"
EndProject
Project("{2150E333-8FDC-42A3-9474-1A3956D46DE8}") = "Infra", "Infra", "{F4435991-DFE8-47F2-829D-6A36BEA3EC4C}"
EndProject
Project("{FAE04EC0-301F-11D3-BF4B-00C04F79EFBC}") = "Api", "Api\Api.csproj", "{39AB6DDF-D45D-48B2-BA9A-6AB8BD94E36E}"
EndProject
Global
	GlobalSection(SolutionConfigurationPlatforms) = preSolution
		Debug|Any CPU = Debug|Any CPU
		Release|Any CPU = Release|Any CPU
	EndGlobalSection
	GlobalSection(ProjectConfigurationPlatforms) = postSolution
		{03F8A526-7CEB-4145-81FF-E323D48D9FC4}.Debug|Any CPU.ActiveCfg = Debug|Any CPU
		{03F8A526-7CEB-4145-81FF-E323D48D9FC4}.Debug|Any CPU.Build.0 = Debug|Any CPU
		{03F8A526-7CEB-4145-81FF-E323D48D9FC4}.Release|Any CPU.ActiveCfg = Release|Any CPU
		{03F8A526-7CEB-4145-81FF-E323D48D9FC4}.Release|Any CPU.Build.0 = Release|Any CPU
		{BC4ADF36-9C73-4754-95C7-3F7D2CF856BB}.Debug|Any CPU.ActiveCfg = Debug|Any CPU
		{BC4ADF36-9C73-4754-95C7-3F7D2CF856BB}.Debug|Any CPU.Build.0 = Debug|Any CPU
		{BC4ADF36-9C73-4754-95C7-3F7D2CF856BB}.Release|Any CPU.ActiveCfg = Release|Any CPU
		{BC4ADF36-9C73-4754-95C7-3F7D2CF856BB}.Release|Any CPU.Build.0 = Release|Any CPU
		{C8CEF931-8018-4639-BFA9-52B5DDFE73DE}.Debug|Any CPU.ActiveCfg = Debug|Any CPU
		{C8CEF931-8018-4639-BFA9-52B5DDFE73DE}.Debug|Any CPU.Build.0 = Debug|Any CPU
		{C8CEF931-8018-4639-BFA9-52B5DDFE73DE}.Release|Any CPU.ActiveCfg = Release|Any CPU
		{C8CEF931-8018-4639-BFA9-52B5DDFE73DE}.Release|Any CPU.Build.0 = Release|Any CPU
		{39AB6DDF-D45D-48B2-BA9A-6AB8BD94E36E}.Debug|Any CPU.ActiveCfg = Debug|Any CPU
		{39AB6DDF-D45D-48B2-BA9A-6AB8BD94E36E}.Debug|Any CPU.Build.0 = Debug|Any CPU
		{39AB6DDF-D45D-48B2-BA9A-6AB8BD94E36E}.Release|Any CPU.ActiveCfg = Release|Any CPU
		{39AB6DDF-D45D-48B2-BA9A-6AB8BD94E36E}.Release|Any CPU.Build.0 = Release|Any CPU
	EndGlobalSection
	GlobalSection(SolutionProperties) = preSolution
		HideSolutionNode = FALSE
	EndGlobalSection
	GlobalSection(NestedProjects) = preSolution
		{03F8A526-7CEB-4145-81FF-E323D48D9FC4} = {37289EE4-3272-4922-A8D1-B327429BE636}
		{BC4ADF36-9C73-4754-95C7-3F7D2CF856BB} = {37289EE4-3272-4922-A8D1-B327429BE636}
		{C8CEF931-8018-4639-BFA9-52B5DDFE73DE} = {F4435991-DFE8-47F2-829D-6A36BEA3EC4C}
		{F78CDCF6-B7E2-4283-838D-48A0C172E886} = {ABB44436-6C3E-4CE6-9AAA-074A06DE795B}
		{37289EE4-3272-4922-A8D1-B327429BE636} = {ABB44436-6C3E-4CE6-9AAA-074A06DE795B}
		{F4435991-DFE8-47F2-829D-6A36BEA3EC4C} = {ABB44436-6C3E-4CE6-9AAA-074A06DE795B}
		{39AB6DDF-D45D-48B2-BA9A-6AB8BD94E36E} = {F78CDCF6-B7E2-4283-838D-48A0C172E886}
	EndGlobalSection
	GlobalSection(ExtensibilityGlobals) = postSolution
		SolutionGuid = {7F07B4DE-483D-4653-A449-8193B271A8B9}
	EndGlobalSection
EndGlobal
